
Microsoft Visual Studio Solution File, Format Version 12.00
# Visual Studio Version 17
VisualStudioVersion = 17.7.34031.279
MinimumVisualStudioVersion = 10.0.40219.1
Project("{9A19103F-16F7-4668-BE54-9A1E7A4F7556}") = "Interface-Task", "Interface-Task\Interface-Task.csproj", "{6E449C47-48E2-44F2-9C34-0A79C7A4DFA9}"
EndProject
Project("{FAE04EC0-301F-11D3-BF4B-00C04F79EFBC}") = "Domain", "Domain\Domain.csproj", "{CE2F5732-6E29-4B60-938A-BBB17FD5E6DD}"
EndProject
Project("{FAE04EC0-301F-11D3-BF4B-00C04F79EFBC}") = "Service", "Service\Service.csproj", "{46D60820-95F0-4652-BC9A-3810B6EC414C}"
EndProject
Global
	GlobalSection(SolutionConfigurationPlatforms) = preSolution
		Debug|Any CPU = Debug|Any CPU
		Release|Any CPU = Release|Any CPU
	EndGlobalSection
	GlobalSection(ProjectConfigurationPlatforms) = postSolution
		{6E449C47-48E2-44F2-9C34-0A79C7A4DFA9}.Debug|Any CPU.ActiveCfg = Debug|Any CPU
		{6E449C47-48E2-44F2-9C34-0A79C7A4DFA9}.Debug|Any CPU.Build.0 = Debug|Any CPU
		{6E449C47-48E2-44F2-9C34-0A79C7A4DFA9}.Release|Any CPU.ActiveCfg = Release|Any CPU
		{6E449C47-48E2-44F2-9C34-0A79C7A4DFA9}.Release|Any CPU.Build.0 = Release|Any CPU
		{CE2F5732-6E29-4B60-938A-BBB17FD5E6DD}.Debug|Any CPU.ActiveCfg = Debug|Any CPU
		{CE2F5732-6E29-4B60-938A-BBB17FD5E6DD}.Debug|Any CPU.Build.0 = Debug|Any CPU
		{CE2F5732-6E29-4B60-938A-BBB17FD5E6DD}.Release|Any CPU.ActiveCfg = Release|Any CPU
		{CE2F5732-6E29-4B60-938A-BBB17FD5E6DD}.Release|Any CPU.Build.0 = Release|Any CPU
		{46D60820-95F0-4652-BC9A-3810B6EC414C}.Debug|Any CPU.ActiveCfg = Debug|Any CPU
		{46D60820-95F0-4652-BC9A-3810B6EC414C}.Debug|Any CPU.Build.0 = Debug|Any CPU
		{46D60820-95F0-4652-BC9A-3810B6EC414C}.Release|Any CPU.ActiveCfg = Release|Any CPU
		{46D60820-95F0-4652-BC9A-3810B6EC414C}.Release|Any CPU.Build.0 = Release|Any CPU
	EndGlobalSection
	GlobalSection(SolutionProperties) = preSolution
		HideSolutionNode = FALSE
	EndGlobalSection
	GlobalSection(ExtensibilityGlobals) = postSolution
		SolutionGuid = {BDC63E73-89D3-4F5D-93D8-355CE2A8FE2A}
	EndGlobalSection
EndGlobal
